
Microsoft Visual Studio Solution File, Format Version 12.00
# Visual Studio Version 17
VisualStudioVersion = 17.5.33627.172
MinimumVisualStudioVersion = 10.0.40219.1
Project("{FAE04EC0-301F-11D3-BF4B-00C04F79EFBC}") = "u21534421_HW03", "u21534421_HW03\u21534421_HW03.csproj", "{DCD35362-A7DD-4C03-932F-A462BBF929AF}"
EndProject
Global
	GlobalSection(SolutionConfigurationPlatforms) = preSolution
		Debug|Any CPU = Debug|Any CPU
		Release|Any CPU = Release|Any CPU
	EndGlobalSection
	GlobalSection(ProjectConfigurationPlatforms) = postSolution
		{DCD35362-A7DD-4C03-932F-A462BBF929AF}.Debug|Any CPU.ActiveCfg = Debug|Any CPU
		{DCD35362-A7DD-4C03-932F-A462BBF929AF}.Debug|Any CPU.Build.0 = Debug|Any CPU
		{DCD35362-A7DD-4C03-932F-A462BBF929AF}.Release|Any CPU.ActiveCfg = Release|Any CPU
		{DCD35362-A7DD-4C03-932F-A462BBF929AF}.Release|Any CPU.Build.0 = Release|Any CPU
	EndGlobalSection
	GlobalSection(SolutionProperties) = preSolution
		HideSolutionNode = FALSE
	EndGlobalSection
	GlobalSection(ExtensibilityGlobals) = postSolution
		SolutionGuid = {CCC9C7E4-D087-415B-93A3-FA6340D2EF93}
	EndGlobalSection
EndGlobal
